
Microsoft Visual Studio Solution File, Format Version 12.00
# Visual Studio Version 16
VisualStudioVersion = 16.0.29424.173
MinimumVisualStudioVersion = 10.0.40219.1
Project("{9A19103F-16F7-4668-BE54-9A1E7A4F7556}") = "cSharpClass", "cSharpClass.csproj", "{D27541C9-6E7C-445F-B3F6-C5FBDD2EE00D}"
EndProject
Project("{9A19103F-16F7-4668-BE54-9A1E7A4F7556}") = "cSharpLinq", "..\cSharpLinq\cSharpLinq.csproj", "{36D7D4E3-777A-4C71-9728-186DD99BC9D3}"
EndProject
Project("{9A19103F-16F7-4668-BE54-9A1E7A4F7556}") = "PlayWithDb", "..\PlayWithDb\PlayWithDb.csproj", "{83233DCB-9768-4812-B46C-91188A8DE9D2}"
EndProject
Project("{2150E333-8FDC-42A3-9474-1A3956D46DE8}") = "WebDevelopment", "WebDevelopment", "{A7EBB121-C6F9-4C29-8589-9231B5EF7615}"
	ProjectSection(SolutionItems) = preProject
		index.css = index.css
		index.htm = index.htm
	EndProjectSection
EndProject
Project("{2150E333-8FDC-42A3-9474-1A3956D46DE8}") = "FirstProject", "FirstProject", "{6BE8B201-DE16-4312-B850-53E5A6F3424B}"
EndProject
Project("{FAE04EC0-301F-11D3-BF4B-00C04F79EFBC}") = "MvcDemo", "..\MvcDemo\MvcDemo.csproj", "{DE4E4CFB-5D02-42B0-AF52-BDFDA1696C9D}"
EndProject
Global
	GlobalSection(SolutionConfigurationPlatforms) = preSolution
		Debug|Any CPU = Debug|Any CPU
		Release|Any CPU = Release|Any CPU
	EndGlobalSection
	GlobalSection(ProjectConfigurationPlatforms) = postSolution
		{D27541C9-6E7C-445F-B3F6-C5FBDD2EE00D}.Debug|Any CPU.ActiveCfg = Debug|Any CPU
		{D27541C9-6E7C-445F-B3F6-C5FBDD2EE00D}.Debug|Any CPU.Build.0 = Debug|Any CPU
		{D27541C9-6E7C-445F-B3F6-C5FBDD2EE00D}.Release|Any CPU.ActiveCfg = Release|Any CPU
		{D27541C9-6E7C-445F-B3F6-C5FBDD2EE00D}.Release|Any CPU.Build.0 = Release|Any CPU
		{36D7D4E3-777A-4C71-9728-186DD99BC9D3}.Debug|Any CPU.ActiveCfg = Debug|Any CPU
		{36D7D4E3-777A-4C71-9728-186DD99BC9D3}.Debug|Any CPU.Build.0 = Debug|Any CPU
		{36D7D4E3-777A-4C71-9728-186DD99BC9D3}.Release|Any CPU.ActiveCfg = Release|Any CPU
		{36D7D4E3-777A-4C71-9728-186DD99BC9D3}.Release|Any CPU.Build.0 = Release|Any CPU
		{83233DCB-9768-4812-B46C-91188A8DE9D2}.Debug|Any CPU.ActiveCfg = Debug|Any CPU
		{83233DCB-9768-4812-B46C-91188A8DE9D2}.Debug|Any CPU.Build.0 = Debug|Any CPU
		{83233DCB-9768-4812-B46C-91188A8DE9D2}.Release|Any CPU.ActiveCfg = Release|Any CPU
		{83233DCB-9768-4812-B46C-91188A8DE9D2}.Release|Any CPU.Build.0 = Release|Any CPU
		{DE4E4CFB-5D02-42B0-AF52-BDFDA1696C9D}.Debug|Any CPU.ActiveCfg = Debug|Any CPU
		{DE4E4CFB-5D02-42B0-AF52-BDFDA1696C9D}.Debug|Any CPU.Build.0 = Debug|Any CPU
		{DE4E4CFB-5D02-42B0-AF52-BDFDA1696C9D}.Release|Any CPU.ActiveCfg = Release|Any CPU
		{DE4E4CFB-5D02-42B0-AF52-BDFDA1696C9D}.Release|Any CPU.Build.0 = Release|Any CPU
	EndGlobalSection
	GlobalSection(SolutionProperties) = preSolution
		HideSolutionNode = FALSE
	EndGlobalSection
	GlobalSection(NestedProjects) = preSolution
		{6BE8B201-DE16-4312-B850-53E5A6F3424B} = {A7EBB121-C6F9-4C29-8589-9231B5EF7615}
	EndGlobalSection
	GlobalSection(ExtensibilityGlobals) = postSolution
		SolutionGuid = {BD9B52A7-C8B5-40A4-84CF-C18457793039}
	EndGlobalSection
EndGlobal
