
Microsoft Visual Studio Solution File, Format Version 12.00
# Visual Studio Version 16
VisualStudioVersion = 16.0.29503.13
MinimumVisualStudioVersion = 10.0.40219.1
Project("{FAE04EC0-301F-11D3-BF4B-00C04F79EFBC}") = "MvcDemo1", "MvcDemo1\MvcDemo1.csproj", "{A6E4DDB6-8140-485B-A6F8-AC3CF6FB056A}"
EndProject
Global
	GlobalSection(SolutionConfigurationPlatforms) = preSolution
		Debug|Any CPU = Debug|Any CPU
		Release|Any CPU = Release|Any CPU
	EndGlobalSection
	GlobalSection(ProjectConfigurationPlatforms) = postSolution
		{A6E4DDB6-8140-485B-A6F8-AC3CF6FB056A}.Debug|Any CPU.ActiveCfg = Debug|Any CPU
		{A6E4DDB6-8140-485B-A6F8-AC3CF6FB056A}.Debug|Any CPU.Build.0 = Debug|Any CPU
		{A6E4DDB6-8140-485B-A6F8-AC3CF6FB056A}.Release|Any CPU.ActiveCfg = Release|Any CPU
		{A6E4DDB6-8140-485B-A6F8-AC3CF6FB056A}.Release|Any CPU.Build.0 = Release|Any CPU
	EndGlobalSection
	GlobalSection(SolutionProperties) = preSolution
		HideSolutionNode = FALSE
	EndGlobalSection
	GlobalSection(ExtensibilityGlobals) = postSolution
		SolutionGuid = {8A2E69F3-3DEE-4D04-9BDF-90E33AC56C7F}
	EndGlobalSection
EndGlobal
